
Microsoft Visual Studio Solution File, Format Version 12.00
# Visual Studio Version 17
VisualStudioVersion = 17.0.31903.59
MinimumVisualStudioVersion = 10.0.40219.1
Project("{2150E333-8FDC-42A3-9474-1A3956D46DE8}") = "src", "src", "{76FB1B69-9694-44A9-A26D-E872164409D5}"
EndProject
Project("{FAE04EC0-301F-11D3-BF4B-00C04F79EFBC}") = "ApiFlowGraph", "src\ApiFlowGraph\ApiFlowGraph.csproj", "{1BFEB601-6777-48DB-8FE8-CEB14C5F4CC4}"
EndProject
Project("{2150E333-8FDC-42A3-9474-1A3956D46DE8}") = "tests", "tests", "{D0E09F3B-013F-41CD-BF3B-F7582055F6E3}"
EndProject
Project("{FAE04EC0-301F-11D3-BF4B-00C04F79EFBC}") = "ApiFlowGraph.Tests", "tests\ApiFlowGraph.Tests\ApiFlowGraph.Tests.csproj", "{671610E7-3831-4A1E-8A0E-903757D10030}"
EndProject
Global
	GlobalSection(SolutionConfigurationPlatforms) = preSolution
		Debug|Any CPU = Debug|Any CPU
		Release|Any CPU = Release|Any CPU
	EndGlobalSection
	GlobalSection(SolutionProperties) = preSolution
		HideSolutionNode = FALSE
	EndGlobalSection
	GlobalSection(ProjectConfigurationPlatforms) = postSolution
		{1BFEB601-6777-48DB-8FE8-CEB14C5F4CC4}.Debug|Any CPU.ActiveCfg = Debug|Any CPU
		{1BFEB601-6777-48DB-8FE8-CEB14C5F4CC4}.Debug|Any CPU.Build.0 = Debug|Any CPU
		{1BFEB601-6777-48DB-8FE8-CEB14C5F4CC4}.Release|Any CPU.ActiveCfg = Release|Any CPU
		{1BFEB601-6777-48DB-8FE8-CEB14C5F4CC4}.Release|Any CPU.Build.0 = Release|Any CPU
		{671610E7-3831-4A1E-8A0E-903757D10030}.Debug|Any CPU.ActiveCfg = Debug|Any CPU
		{671610E7-3831-4A1E-8A0E-903757D10030}.Debug|Any CPU.Build.0 = Debug|Any CPU
		{671610E7-3831-4A1E-8A0E-903757D10030}.Release|Any CPU.ActiveCfg = Release|Any CPU
		{671610E7-3831-4A1E-8A0E-903757D10030}.Release|Any CPU.Build.0 = Release|Any CPU
	EndGlobalSection
	GlobalSection(NestedProjects) = preSolution
		{1BFEB601-6777-48DB-8FE8-CEB14C5F4CC4} = {76FB1B69-9694-44A9-A26D-E872164409D5}
		{671610E7-3831-4A1E-8A0E-903757D10030} = {D0E09F3B-013F-41CD-BF3B-F7582055F6E3}
	EndGlobalSection
EndGlobal
